
Microsoft Visual Studio Solution File, Format Version 12.00
# Visual Studio Version 17
VisualStudioVersion = 17.13.35806.99
MinimumVisualStudioVersion = 10.0.40219.1
Project("{FAE04EC0-301F-11D3-BF4B-00C04F79EFBC}") = "FuncionalParadigma", "FuncionalParadigma\FuncionalParadigma.csproj", "{FC74BFB1-D7FD-46B9-AEAE-2F10FB92B9DD}"
EndProject
Project("{FAE04EC0-301F-11D3-BF4B-00C04F79EFBC}") = "SOLID", "SOLID\SOLID.csproj", "{9B0CFA7D-5AE0-4BFC-B881-02285D1B4D5D}"
EndProject
Project("{FAE04EC0-301F-11D3-BF4B-00C04F79EFBC}") = "TestProyectClases", "TestProyectClases\TestProyectClases.csproj", "{58E1B070-D78A-424C-992F-1CD6CDA0B04B}"
EndProject
Project("{FAE04EC0-301F-11D3-BF4B-00C04F79EFBC}") = "OperationComponent", "OperationComponent\OperationComponent.csproj", "{5D2E3DFB-2416-41F0-9DF8-40DFAEA4605F}"
EndProject
Project("{FAE04EC0-301F-11D3-BF4B-00C04F79EFBC}") = "Beers", "Beers\Beers.csproj", "{F5EC5CE1-57D1-4F23-AFE7-4A67EDDE41D6}"
EndProject
Project("{FAE04EC0-301F-11D3-BF4B-00C04F79EFBC}") = "Todo", "Todo\Todo.csproj", "{23A1D450-F16E-42FE-BB8D-2CDB79F82B6F}"
EndProject
Project("{FAE04EC0-301F-11D3-BF4B-00C04F79EFBC}") = "TodoCore", "TodoCore\TodoCore.csproj", "{0F181D41-FA8B-4019-94A0-75433AFF1C0F}"
EndProject
Project("{FAE04EC0-301F-11D3-BF4B-00C04F79EFBC}") = "BussinesComponents", "BussinesComponents\BussinesComponents.csproj", "{76174013-A1AE-4C2C-AFFA-893B74C3EF6D}"
EndProject
Project("{FAE04EC0-301F-11D3-BF4B-00C04F79EFBC}") = "TestComponent", "TestComponent\TestComponent.csproj", "{5FC95B95-164D-4EAF-81B0-75052ACFD1BE}"
EndProject
Project("{FAE04EC0-301F-11D3-BF4B-00C04F79EFBC}") = "RepositoryComponent", "RepositoryComponent\RepositoryComponent.csproj", "{9F2366D6-9143-4712-BF7F-493100E08C10}"
EndProject
Project("{2150E333-8FDC-42A3-9474-1A3956D46DE8}") = "Clean Architecture", "Clean Architecture", "{9BA68A1C-88DF-4D91-86E4-6DB9E1ACD4E1}"
EndProject
Project("{FAE04EC0-301F-11D3-BF4B-00C04F79EFBC}") = "CA-EnterpriseLayer", "CA-EnterpriseLayer\CA-EnterpriseLayer.csproj", "{870168DC-0043-4BC4-9E38-D47449F00233}"
EndProject
Project("{FAE04EC0-301F-11D3-BF4B-00C04F79EFBC}") = "CA-ApplicationLayer", "CA-ApplicationLayer\CA-ApplicationLayer.csproj", "{D3EE0A84-FC9C-418D-81F3-67F2CD078462}"
EndProject
Project("{FAE04EC0-301F-11D3-BF4B-00C04F79EFBC}") = "CA_InterfaceAdapters_Data", "CA_InterfaceAdapters_Data\CA_InterfaceAdapters_Data.csproj", "{F2493DB1-7971-431E-8F33-4CC97223460C}"
EndProject
Project("{FAE04EC0-301F-11D3-BF4B-00C04F79EFBC}") = "CA-InterfaceAdapters_Repository", "CA-InterfaceAdapters_Repository\CA-InterfaceAdapters_Repository.csproj", "{FDAB02CE-CC40-4797-9657-49F7A88138FB}"
EndProject
Project("{FAE04EC0-301F-11D3-BF4B-00C04F79EFBC}") = "CA-FrameworksDrivers-API", "CA-FrameworksDrivers-API\CA-FrameworksDrivers-API.csproj", "{721FA7F4-7A9B-42F8-8BF2-2BA0C70C3588}"
EndProject
Project("{FAE04EC0-301F-11D3-BF4B-00C04F79EFBC}") = "CA-InterfaceAdapters-Models", "CA-InterfaceAdapters-Models\CA-InterfaceAdapters-Models.csproj", "{C6C49F37-573E-4E02-BA21-F94BBC4A64B4}"
EndProject
Project("{FAE04EC0-301F-11D3-BF4B-00C04F79EFBC}") = "CA_InterfaceAdapters-Presenters", "CA_InterfaceAdapters-Presenters\CA_InterfaceAdapters-Presenters.csproj", "{CF7B0A96-972B-4A1D-AC2B-6AA4C2921F02}"
EndProject
Project("{FAE04EC0-301F-11D3-BF4B-00C04F79EFBC}") = "CA-InterfaceAdapters-Mappers", "CA-InterfaceAdapters-Mappers\CA-InterfaceAdapters-Mappers.csproj", "{322CC895-A1EE-4C50-864F-FF42C0C818D8}"
EndProject
Global
	GlobalSection(SolutionConfigurationPlatforms) = preSolution
		Debug|Any CPU = Debug|Any CPU
		Release|Any CPU = Release|Any CPU
	EndGlobalSection
	GlobalSection(ProjectConfigurationPlatforms) = postSolution
		{FC74BFB1-D7FD-46B9-AEAE-2F10FB92B9DD}.Debug|Any CPU.ActiveCfg = Debug|Any CPU
		{FC74BFB1-D7FD-46B9-AEAE-2F10FB92B9DD}.Debug|Any CPU.Build.0 = Debug|Any CPU
		{FC74BFB1-D7FD-46B9-AEAE-2F10FB92B9DD}.Release|Any CPU.ActiveCfg = Release|Any CPU
		{FC74BFB1-D7FD-46B9-AEAE-2F10FB92B9DD}.Release|Any CPU.Build.0 = Release|Any CPU
		{9B0CFA7D-5AE0-4BFC-B881-02285D1B4D5D}.Debug|Any CPU.ActiveCfg = Debug|Any CPU
		{9B0CFA7D-5AE0-4BFC-B881-02285D1B4D5D}.Debug|Any CPU.Build.0 = Debug|Any CPU
		{9B0CFA7D-5AE0-4BFC-B881-02285D1B4D5D}.Release|Any CPU.ActiveCfg = Release|Any CPU
		{9B0CFA7D-5AE0-4BFC-B881-02285D1B4D5D}.Release|Any CPU.Build.0 = Release|Any CPU
		{58E1B070-D78A-424C-992F-1CD6CDA0B04B}.Debug|Any CPU.ActiveCfg = Debug|Any CPU
		{58E1B070-D78A-424C-992F-1CD6CDA0B04B}.Debug|Any CPU.Build.0 = Debug|Any CPU
		{58E1B070-D78A-424C-992F-1CD6CDA0B04B}.Release|Any CPU.ActiveCfg = Release|Any CPU
		{58E1B070-D78A-424C-992F-1CD6CDA0B04B}.Release|Any CPU.Build.0 = Release|Any CPU
		{5D2E3DFB-2416-41F0-9DF8-40DFAEA4605F}.Debug|Any CPU.ActiveCfg = Debug|Any CPU
		{5D2E3DFB-2416-41F0-9DF8-40DFAEA4605F}.Debug|Any CPU.Build.0 = Debug|Any CPU
		{5D2E3DFB-2416-41F0-9DF8-40DFAEA4605F}.Release|Any CPU.ActiveCfg = Release|Any CPU
		{5D2E3DFB-2416-41F0-9DF8-40DFAEA4605F}.Release|Any CPU.Build.0 = Release|Any CPU
		{F5EC5CE1-57D1-4F23-AFE7-4A67EDDE41D6}.Debug|Any CPU.ActiveCfg = Debug|Any CPU
		{F5EC5CE1-57D1-4F23-AFE7-4A67EDDE41D6}.Debug|Any CPU.Build.0 = Debug|Any CPU
		{F5EC5CE1-57D1-4F23-AFE7-4A67EDDE41D6}.Release|Any CPU.ActiveCfg = Release|Any CPU
		{F5EC5CE1-57D1-4F23-AFE7-4A67EDDE41D6}.Release|Any CPU.Build.0 = Release|Any CPU
		{23A1D450-F16E-42FE-BB8D-2CDB79F82B6F}.Debug|Any CPU.ActiveCfg = Debug|Any CPU
		{23A1D450-F16E-42FE-BB8D-2CDB79F82B6F}.Debug|Any CPU.Build.0 = Debug|Any CPU
		{23A1D450-F16E-42FE-BB8D-2CDB79F82B6F}.Release|Any CPU.ActiveCfg = Release|Any CPU
		{23A1D450-F16E-42FE-BB8D-2CDB79F82B6F}.Release|Any CPU.Build.0 = Release|Any CPU
		{0F181D41-FA8B-4019-94A0-75433AFF1C0F}.Debug|Any CPU.ActiveCfg = Debug|Any CPU
		{0F181D41-FA8B-4019-94A0-75433AFF1C0F}.Debug|Any CPU.Build.0 = Debug|Any CPU
		{0F181D41-FA8B-4019-94A0-75433AFF1C0F}.Release|Any CPU.ActiveCfg = Release|Any CPU
		{0F181D41-FA8B-4019-94A0-75433AFF1C0F}.Release|Any CPU.Build.0 = Release|Any CPU
		{76174013-A1AE-4C2C-AFFA-893B74C3EF6D}.Debug|Any CPU.ActiveCfg = Debug|Any CPU
		{76174013-A1AE-4C2C-AFFA-893B74C3EF6D}.Debug|Any CPU.Build.0 = Debug|Any CPU
		{76174013-A1AE-4C2C-AFFA-893B74C3EF6D}.Release|Any CPU.ActiveCfg = Release|Any CPU
		{76174013-A1AE-4C2C-AFFA-893B74C3EF6D}.Release|Any CPU.Build.0 = Release|Any CPU
		{5FC95B95-164D-4EAF-81B0-75052ACFD1BE}.Debug|Any CPU.ActiveCfg = Debug|Any CPU
		{5FC95B95-164D-4EAF-81B0-75052ACFD1BE}.Debug|Any CPU.Build.0 = Debug|Any CPU
		{5FC95B95-164D-4EAF-81B0-75052ACFD1BE}.Release|Any CPU.ActiveCfg = Release|Any CPU
		{5FC95B95-164D-4EAF-81B0-75052ACFD1BE}.Release|Any CPU.Build.0 = Release|Any CPU
		{9F2366D6-9143-4712-BF7F-493100E08C10}.Debug|Any CPU.ActiveCfg = Debug|Any CPU
		{9F2366D6-9143-4712-BF7F-493100E08C10}.Debug|Any CPU.Build.0 = Debug|Any CPU
		{9F2366D6-9143-4712-BF7F-493100E08C10}.Release|Any CPU.ActiveCfg = Release|Any CPU
		{9F2366D6-9143-4712-BF7F-493100E08C10}.Release|Any CPU.Build.0 = Release|Any CPU
		{870168DC-0043-4BC4-9E38-D47449F00233}.Debug|Any CPU.ActiveCfg = Debug|Any CPU
		{870168DC-0043-4BC4-9E38-D47449F00233}.Debug|Any CPU.Build.0 = Debug|Any CPU
		{870168DC-0043-4BC4-9E38-D47449F00233}.Release|Any CPU.ActiveCfg = Release|Any CPU
		{870168DC-0043-4BC4-9E38-D47449F00233}.Release|Any CPU.Build.0 = Release|Any CPU
		{D3EE0A84-FC9C-418D-81F3-67F2CD078462}.Debug|Any CPU.ActiveCfg = Debug|Any CPU
		{D3EE0A84-FC9C-418D-81F3-67F2CD078462}.Debug|Any CPU.Build.0 = Debug|Any CPU
		{D3EE0A84-FC9C-418D-81F3-67F2CD078462}.Release|Any CPU.ActiveCfg = Release|Any CPU
		{D3EE0A84-FC9C-418D-81F3-67F2CD078462}.Release|Any CPU.Build.0 = Release|Any CPU
		{F2493DB1-7971-431E-8F33-4CC97223460C}.Debug|Any CPU.ActiveCfg = Debug|Any CPU
		{F2493DB1-7971-431E-8F33-4CC97223460C}.Debug|Any CPU.Build.0 = Debug|Any CPU
		{F2493DB1-7971-431E-8F33-4CC97223460C}.Release|Any CPU.ActiveCfg = Release|Any CPU
		{F2493DB1-7971-431E-8F33-4CC97223460C}.Release|Any CPU.Build.0 = Release|Any CPU
		{FDAB02CE-CC40-4797-9657-49F7A88138FB}.Debug|Any CPU.ActiveCfg = Debug|Any CPU
		{FDAB02CE-CC40-4797-9657-49F7A88138FB}.Debug|Any CPU.Build.0 = Debug|Any CPU
		{FDAB02CE-CC40-4797-9657-49F7A88138FB}.Release|Any CPU.ActiveCfg = Release|Any CPU
		{FDAB02CE-CC40-4797-9657-49F7A88138FB}.Release|Any CPU.Build.0 = Release|Any CPU
		{721FA7F4-7A9B-42F8-8BF2-2BA0C70C3588}.Debug|Any CPU.ActiveCfg = Debug|Any CPU
		{721FA7F4-7A9B-42F8-8BF2-2BA0C70C3588}.Debug|Any CPU.Build.0 = Debug|Any CPU
		{721FA7F4-7A9B-42F8-8BF2-2BA0C70C3588}.Release|Any CPU.ActiveCfg = Release|Any CPU
		{721FA7F4-7A9B-42F8-8BF2-2BA0C70C3588}.Release|Any CPU.Build.0 = Release|Any CPU
		{C6C49F37-573E-4E02-BA21-F94BBC4A64B4}.Debug|Any CPU.ActiveCfg = Debug|Any CPU
		{C6C49F37-573E-4E02-BA21-F94BBC4A64B4}.Debug|Any CPU.Build.0 = Debug|Any CPU
		{C6C49F37-573E-4E02-BA21-F94BBC4A64B4}.Release|Any CPU.ActiveCfg = Release|Any CPU
		{C6C49F37-573E-4E02-BA21-F94BBC4A64B4}.Release|Any CPU.Build.0 = Release|Any CPU
		{CF7B0A96-972B-4A1D-AC2B-6AA4C2921F02}.Debug|Any CPU.ActiveCfg = Debug|Any CPU
		{CF7B0A96-972B-4A1D-AC2B-6AA4C2921F02}.Debug|Any CPU.Build.0 = Debug|Any CPU
		{CF7B0A96-972B-4A1D-AC2B-6AA4C2921F02}.Release|Any CPU.ActiveCfg = Release|Any CPU
		{CF7B0A96-972B-4A1D-AC2B-6AA4C2921F02}.Release|Any CPU.Build.0 = Release|Any CPU
		{322CC895-A1EE-4C50-864F-FF42C0C818D8}.Debug|Any CPU.ActiveCfg = Debug|Any CPU
		{322CC895-A1EE-4C50-864F-FF42C0C818D8}.Debug|Any CPU.Build.0 = Debug|Any CPU
		{322CC895-A1EE-4C50-864F-FF42C0C818D8}.Release|Any CPU.ActiveCfg = Release|Any CPU
		{322CC895-A1EE-4C50-864F-FF42C0C818D8}.Release|Any CPU.Build.0 = Release|Any CPU
	EndGlobalSection
	GlobalSection(SolutionProperties) = preSolution
		HideSolutionNode = FALSE
	EndGlobalSection
	GlobalSection(NestedProjects) = preSolution
		{870168DC-0043-4BC4-9E38-D47449F00233} = {9BA68A1C-88DF-4D91-86E4-6DB9E1ACD4E1}
		{D3EE0A84-FC9C-418D-81F3-67F2CD078462} = {9BA68A1C-88DF-4D91-86E4-6DB9E1ACD4E1}
		{F2493DB1-7971-431E-8F33-4CC97223460C} = {9BA68A1C-88DF-4D91-86E4-6DB9E1ACD4E1}
		{FDAB02CE-CC40-4797-9657-49F7A88138FB} = {9BA68A1C-88DF-4D91-86E4-6DB9E1ACD4E1}
		{721FA7F4-7A9B-42F8-8BF2-2BA0C70C3588} = {9BA68A1C-88DF-4D91-86E4-6DB9E1ACD4E1}
		{C6C49F37-573E-4E02-BA21-F94BBC4A64B4} = {9BA68A1C-88DF-4D91-86E4-6DB9E1ACD4E1}
		{CF7B0A96-972B-4A1D-AC2B-6AA4C2921F02} = {9BA68A1C-88DF-4D91-86E4-6DB9E1ACD4E1}
		{322CC895-A1EE-4C50-864F-FF42C0C818D8} = {9BA68A1C-88DF-4D91-86E4-6DB9E1ACD4E1}
	EndGlobalSection
	GlobalSection(ExtensibilityGlobals) = postSolution
		SolutionGuid = {56FB7B47-85DF-4C9B-AC55-BA174E7CD549}
	EndGlobalSection
EndGlobal
